
Microsoft Visual Studio Solution File, Format Version 12.00
# Visual Studio Version 17
VisualStudioVersion = 17.0.31903.59
MinimumVisualStudioVersion = 10.0.40219.1
Project("{2150E333-8FDC-42A3-9474-1A3956D46DE8}") = "src", "src", "{827E0CD3-B72D-47B6-A68D-7590B98EB39B}"
EndProject
Project("{F2A71F9B-5D33-465A-A702-920D77279786}") = "Xelmish", "src\Xelmish.fsproj", "{E03C5917-B17D-43C6-AB71-680F1178C4AB}"
EndProject
Global
	GlobalSection(SolutionConfigurationPlatforms) = preSolution
		Debug|Any CPU = Debug|Any CPU
		Debug|x64 = Debug|x64
		Debug|x86 = Debug|x86
		Release|Any CPU = Release|Any CPU
		Release|x64 = Release|x64
		Release|x86 = Release|x86
	EndGlobalSection
	GlobalSection(ProjectConfigurationPlatforms) = postSolution
		{E03C5917-B17D-43C6-AB71-680F1178C4AB}.Debug|Any CPU.ActiveCfg = Debug|Any CPU
		{E03C5917-B17D-43C6-AB71-680F1178C4AB}.Debug|Any CPU.Build.0 = Debug|Any CPU
		{E03C5917-B17D-43C6-AB71-680F1178C4AB}.Debug|x64.ActiveCfg = Debug|Any CPU
		{E03C5917-B17D-43C6-AB71-680F1178C4AB}.Debug|x64.Build.0 = Debug|Any CPU
		{E03C5917-B17D-43C6-AB71-680F1178C4AB}.Debug|x86.ActiveCfg = Debug|Any CPU
		{E03C5917-B17D-43C6-AB71-680F1178C4AB}.Debug|x86.Build.0 = Debug|Any CPU
		{E03C5917-B17D-43C6-AB71-680F1178C4AB}.Release|Any CPU.ActiveCfg = Release|Any CPU
		{E03C5917-B17D-43C6-AB71-680F1178C4AB}.Release|Any CPU.Build.0 = Release|Any CPU
		{E03C5917-B17D-43C6-AB71-680F1178C4AB}.Release|x64.ActiveCfg = Release|Any CPU
		{E03C5917-B17D-43C6-AB71-680F1178C4AB}.Release|x64.Build.0 = Release|Any CPU
		{E03C5917-B17D-43C6-AB71-680F1178C4AB}.Release|x86.ActiveCfg = Release|Any CPU
		{E03C5917-B17D-43C6-AB71-680F1178C4AB}.Release|x86.Build.0 = Release|Any CPU
	EndGlobalSection
	GlobalSection(SolutionProperties) = preSolution
		HideSolutionNode = FALSE
	EndGlobalSection
	GlobalSection(NestedProjects) = preSolution
		{E03C5917-B17D-43C6-AB71-680F1178C4AB} = {827E0CD3-B72D-47B6-A68D-7590B98EB39B}
	EndGlobalSection
EndGlobal
