
Microsoft Visual Studio Solution File, Format Version 12.00
# Visual Studio 15
VisualStudioVersion = 15.0.26124.0
MinimumVisualStudioVersion = 15.0.26124.0
Project("{6EC3EE1D-3C4E-46DD-8F32-0CC8E7565705}") = "Xelmish", "src\Xelmish.fsproj", "{3D17E2DE-01DE-49CF-8E15-DCF836EBFCA1}"
EndProject
Project("{6EC3EE1D-3C4E-46DD-8F32-0CC8E7565705}") = "Game", "sample\Game.fsproj", "{7409A2FD-EBCE-452E-B9BB-1500140482B5}"
EndProject
Project("{2150E333-8FDC-42A3-9474-1A3956D46DE8}") = "src", "src", "{B9ABEDC0-D2D9-4892-BEB6-7C2B26F8DC25}"
EndProject
Project("{2150E333-8FDC-42A3-9474-1A3956D46DE8}") = "sample", "sample", "{E0C3EC12-893D-4F20-B609-F38FA0F896B6}"
EndProject
Project("{2150E333-8FDC-42A3-9474-1A3956D46DE8}") = "docs", "docs", "{376DD74C-0AB4-4F02-A3CB-B74FE514A49F}"
	ProjectSection(SolutionItems) = preProject
		.gitignore = .gitignore
		LICENSE = LICENSE
		README.md = README.md
	EndProjectSection
EndProject
Project("{2150E333-8FDC-42A3-9474-1A3956D46DE8}") = "lib", "lib", "{38883E56-16DE-49DC-8EAB-74AD7F005771}"
EndProject
Project("{6EC3EE1D-3C4E-46DD-8F32-0CC8E7565705}") = "Fable.Elmish", "lib\Elmish\Fable.Elmish.fsproj", "{FFC2D4E6-83C9-4F93-87E1-B20BEC228930}"
EndProject
Global
	GlobalSection(SolutionConfigurationPlatforms) = preSolution
		Debug|Any CPU = Debug|Any CPU
		Debug|x64 = Debug|x64
		Debug|x86 = Debug|x86
		Release|Any CPU = Release|Any CPU
		Release|x64 = Release|x64
		Release|x86 = Release|x86
	EndGlobalSection
	GlobalSection(ProjectConfigurationPlatforms) = postSolution
		{3D17E2DE-01DE-49CF-8E15-DCF836EBFCA1}.Debug|Any CPU.ActiveCfg = Debug|Any CPU
		{3D17E2DE-01DE-49CF-8E15-DCF836EBFCA1}.Debug|Any CPU.Build.0 = Debug|Any CPU
		{3D17E2DE-01DE-49CF-8E15-DCF836EBFCA1}.Debug|x64.ActiveCfg = Debug|Any CPU
		{3D17E2DE-01DE-49CF-8E15-DCF836EBFCA1}.Debug|x64.Build.0 = Debug|Any CPU
		{3D17E2DE-01DE-49CF-8E15-DCF836EBFCA1}.Debug|x86.ActiveCfg = Debug|Any CPU
		{3D17E2DE-01DE-49CF-8E15-DCF836EBFCA1}.Debug|x86.Build.0 = Debug|Any CPU
		{3D17E2DE-01DE-49CF-8E15-DCF836EBFCA1}.Release|Any CPU.ActiveCfg = Release|Any CPU
		{3D17E2DE-01DE-49CF-8E15-DCF836EBFCA1}.Release|Any CPU.Build.0 = Release|Any CPU
		{3D17E2DE-01DE-49CF-8E15-DCF836EBFCA1}.Release|x64.ActiveCfg = Release|Any CPU
		{3D17E2DE-01DE-49CF-8E15-DCF836EBFCA1}.Release|x64.Build.0 = Release|Any CPU
		{3D17E2DE-01DE-49CF-8E15-DCF836EBFCA1}.Release|x86.ActiveCfg = Release|Any CPU
		{3D17E2DE-01DE-49CF-8E15-DCF836EBFCA1}.Release|x86.Build.0 = Release|Any CPU
		{7409A2FD-EBCE-452E-B9BB-1500140482B5}.Debug|Any CPU.ActiveCfg = Debug|Any CPU
		{7409A2FD-EBCE-452E-B9BB-1500140482B5}.Debug|Any CPU.Build.0 = Debug|Any CPU
		{7409A2FD-EBCE-452E-B9BB-1500140482B5}.Debug|x64.ActiveCfg = Debug|Any CPU
		{7409A2FD-EBCE-452E-B9BB-1500140482B5}.Debug|x64.Build.0 = Debug|Any CPU
		{7409A2FD-EBCE-452E-B9BB-1500140482B5}.Debug|x86.ActiveCfg = Debug|Any CPU
		{7409A2FD-EBCE-452E-B9BB-1500140482B5}.Debug|x86.Build.0 = Debug|Any CPU
		{7409A2FD-EBCE-452E-B9BB-1500140482B5}.Release|Any CPU.ActiveCfg = Release|Any CPU
		{7409A2FD-EBCE-452E-B9BB-1500140482B5}.Release|Any CPU.Build.0 = Release|Any CPU
		{7409A2FD-EBCE-452E-B9BB-1500140482B5}.Release|x64.ActiveCfg = Release|Any CPU
		{7409A2FD-EBCE-452E-B9BB-1500140482B5}.Release|x64.Build.0 = Release|Any CPU
		{7409A2FD-EBCE-452E-B9BB-1500140482B5}.Release|x86.ActiveCfg = Release|Any CPU
		{7409A2FD-EBCE-452E-B9BB-1500140482B5}.Release|x86.Build.0 = Release|Any CPU
		{FFC2D4E6-83C9-4F93-87E1-B20BEC228930}.Debug|Any CPU.ActiveCfg = Debug|Any CPU
		{FFC2D4E6-83C9-4F93-87E1-B20BEC228930}.Debug|Any CPU.Build.0 = Debug|Any CPU
		{FFC2D4E6-83C9-4F93-87E1-B20BEC228930}.Debug|x64.ActiveCfg = Debug|Any CPU
		{FFC2D4E6-83C9-4F93-87E1-B20BEC228930}.Debug|x64.Build.0 = Debug|Any CPU
		{FFC2D4E6-83C9-4F93-87E1-B20BEC228930}.Debug|x86.ActiveCfg = Debug|Any CPU
		{FFC2D4E6-83C9-4F93-87E1-B20BEC228930}.Debug|x86.Build.0 = Debug|Any CPU
		{FFC2D4E6-83C9-4F93-87E1-B20BEC228930}.Release|Any CPU.ActiveCfg = Release|Any CPU
		{FFC2D4E6-83C9-4F93-87E1-B20BEC228930}.Release|Any CPU.Build.0 = Release|Any CPU
		{FFC2D4E6-83C9-4F93-87E1-B20BEC228930}.Release|x64.ActiveCfg = Release|Any CPU
		{FFC2D4E6-83C9-4F93-87E1-B20BEC228930}.Release|x64.Build.0 = Release|Any CPU
		{FFC2D4E6-83C9-4F93-87E1-B20BEC228930}.Release|x86.ActiveCfg = Release|Any CPU
		{FFC2D4E6-83C9-4F93-87E1-B20BEC228930}.Release|x86.Build.0 = Release|Any CPU
	EndGlobalSection
	GlobalSection(SolutionProperties) = preSolution
		HideSolutionNode = FALSE
	EndGlobalSection
	GlobalSection(NestedProjects) = preSolution
		{3D17E2DE-01DE-49CF-8E15-DCF836EBFCA1} = {B9ABEDC0-D2D9-4892-BEB6-7C2B26F8DC25}
		{7409A2FD-EBCE-452E-B9BB-1500140482B5} = {E0C3EC12-893D-4F20-B609-F38FA0F896B6}
		{FFC2D4E6-83C9-4F93-87E1-B20BEC228930} = {38883E56-16DE-49DC-8EAB-74AD7F005771}
	EndGlobalSection
	GlobalSection(ExtensibilityGlobals) = postSolution
		SolutionGuid = {7AA55871-B8BC-47CB-AE1C-75AB843FED9A}
	EndGlobalSection
EndGlobal
