
Microsoft Visual Studio Solution File, Format Version 12.00
# Visual Studio Version 16
VisualStudioVersion = 16.0.28729.10
MinimumVisualStudioVersion = 15.0.26124.0
Project("{6EC3EE1D-3C4E-46DD-8F32-0CC8E7565705}") = "Xelmish", "src\Xelmish.fsproj", "{3D17E2DE-01DE-49CF-8E15-DCF836EBFCA1}"
EndProject
Project("{2150E333-8FDC-42A3-9474-1A3956D46DE8}") = "src", "src", "{B9ABEDC0-D2D9-4892-BEB6-7C2B26F8DC25}"
EndProject
Project("{2150E333-8FDC-42A3-9474-1A3956D46DE8}") = "samples", "samples", "{E0C3EC12-893D-4F20-B609-F38FA0F896B6}"
EndProject
Project("{2150E333-8FDC-42A3-9474-1A3956D46DE8}") = "docs", "docs", "{376DD74C-0AB4-4F02-A3CB-B74FE514A49F}"
	ProjectSection(SolutionItems) = preProject
		.gitignore = .gitignore
		LICENSE = LICENSE
		README.md = README.md
	EndProjectSection
EndProject
Project("{6EC3EE1D-3C4E-46DD-8F32-0CC8E7565705}") = "single-counter", "samples\single-counter\single-counter.fsproj", "{AC38ED44-CC94-45D9-8909-A889CC6E7131}"
EndProject
Project("{6EC3EE1D-3C4E-46DD-8F32-0CC8E7565705}") = "sub-model", "samples\sub-model\sub-model.fsproj", "{22D97351-784C-48D6-9CC7-206397293865}"
EndProject
Project("{6EC3EE1D-3C4E-46DD-8F32-0CC8E7565705}") = "tetris-clone", "samples\tetris-clone\tetris-clone.fsproj", "{D3DDC88F-ED11-4D1D-8F72-36D7E96EB5F7}"
EndProject
Global
	GlobalSection(SolutionConfigurationPlatforms) = preSolution
		Debug|Any CPU = Debug|Any CPU
		Debug|x64 = Debug|x64
		Debug|x86 = Debug|x86
		Release|Any CPU = Release|Any CPU
		Release|x64 = Release|x64
		Release|x86 = Release|x86
	EndGlobalSection
	GlobalSection(ProjectConfigurationPlatforms) = postSolution
		{3D17E2DE-01DE-49CF-8E15-DCF836EBFCA1}.Debug|Any CPU.ActiveCfg = Debug|Any CPU
		{3D17E2DE-01DE-49CF-8E15-DCF836EBFCA1}.Debug|Any CPU.Build.0 = Debug|Any CPU
		{3D17E2DE-01DE-49CF-8E15-DCF836EBFCA1}.Debug|x64.ActiveCfg = Debug|Any CPU
		{3D17E2DE-01DE-49CF-8E15-DCF836EBFCA1}.Debug|x64.Build.0 = Debug|Any CPU
		{3D17E2DE-01DE-49CF-8E15-DCF836EBFCA1}.Debug|x86.ActiveCfg = Debug|Any CPU
		{3D17E2DE-01DE-49CF-8E15-DCF836EBFCA1}.Debug|x86.Build.0 = Debug|Any CPU
		{3D17E2DE-01DE-49CF-8E15-DCF836EBFCA1}.Release|Any CPU.ActiveCfg = Release|Any CPU
		{3D17E2DE-01DE-49CF-8E15-DCF836EBFCA1}.Release|Any CPU.Build.0 = Release|Any CPU
		{3D17E2DE-01DE-49CF-8E15-DCF836EBFCA1}.Release|x64.ActiveCfg = Release|Any CPU
		{3D17E2DE-01DE-49CF-8E15-DCF836EBFCA1}.Release|x64.Build.0 = Release|Any CPU
		{3D17E2DE-01DE-49CF-8E15-DCF836EBFCA1}.Release|x86.ActiveCfg = Release|Any CPU
		{3D17E2DE-01DE-49CF-8E15-DCF836EBFCA1}.Release|x86.Build.0 = Release|Any CPU
		{AC38ED44-CC94-45D9-8909-A889CC6E7131}.Debug|Any CPU.ActiveCfg = Debug|Any CPU
		{AC38ED44-CC94-45D9-8909-A889CC6E7131}.Debug|Any CPU.Build.0 = Debug|Any CPU
		{AC38ED44-CC94-45D9-8909-A889CC6E7131}.Debug|x64.ActiveCfg = Debug|Any CPU
		{AC38ED44-CC94-45D9-8909-A889CC6E7131}.Debug|x64.Build.0 = Debug|Any CPU
		{AC38ED44-CC94-45D9-8909-A889CC6E7131}.Debug|x86.ActiveCfg = Debug|Any CPU
		{AC38ED44-CC94-45D9-8909-A889CC6E7131}.Debug|x86.Build.0 = Debug|Any CPU
		{AC38ED44-CC94-45D9-8909-A889CC6E7131}.Release|Any CPU.ActiveCfg = Release|Any CPU
		{AC38ED44-CC94-45D9-8909-A889CC6E7131}.Release|Any CPU.Build.0 = Release|Any CPU
		{AC38ED44-CC94-45D9-8909-A889CC6E7131}.Release|x64.ActiveCfg = Release|Any CPU
		{AC38ED44-CC94-45D9-8909-A889CC6E7131}.Release|x64.Build.0 = Release|Any CPU
		{AC38ED44-CC94-45D9-8909-A889CC6E7131}.Release|x86.ActiveCfg = Release|Any CPU
		{AC38ED44-CC94-45D9-8909-A889CC6E7131}.Release|x86.Build.0 = Release|Any CPU
		{22D97351-784C-48D6-9CC7-206397293865}.Debug|Any CPU.ActiveCfg = Debug|Any CPU
		{22D97351-784C-48D6-9CC7-206397293865}.Debug|Any CPU.Build.0 = Debug|Any CPU
		{22D97351-784C-48D6-9CC7-206397293865}.Debug|x64.ActiveCfg = Debug|Any CPU
		{22D97351-784C-48D6-9CC7-206397293865}.Debug|x64.Build.0 = Debug|Any CPU
		{22D97351-784C-48D6-9CC7-206397293865}.Debug|x86.ActiveCfg = Debug|Any CPU
		{22D97351-784C-48D6-9CC7-206397293865}.Debug|x86.Build.0 = Debug|Any CPU
		{22D97351-784C-48D6-9CC7-206397293865}.Release|Any CPU.ActiveCfg = Release|Any CPU
		{22D97351-784C-48D6-9CC7-206397293865}.Release|Any CPU.Build.0 = Release|Any CPU
		{22D97351-784C-48D6-9CC7-206397293865}.Release|x64.ActiveCfg = Release|Any CPU
		{22D97351-784C-48D6-9CC7-206397293865}.Release|x64.Build.0 = Release|Any CPU
		{22D97351-784C-48D6-9CC7-206397293865}.Release|x86.ActiveCfg = Release|Any CPU
		{22D97351-784C-48D6-9CC7-206397293865}.Release|x86.Build.0 = Release|Any CPU
		{D3DDC88F-ED11-4D1D-8F72-36D7E96EB5F7}.Debug|Any CPU.ActiveCfg = Debug|Any CPU
		{D3DDC88F-ED11-4D1D-8F72-36D7E96EB5F7}.Debug|Any CPU.Build.0 = Debug|Any CPU
		{D3DDC88F-ED11-4D1D-8F72-36D7E96EB5F7}.Debug|x64.ActiveCfg = Debug|Any CPU
		{D3DDC88F-ED11-4D1D-8F72-36D7E96EB5F7}.Debug|x64.Build.0 = Debug|Any CPU
		{D3DDC88F-ED11-4D1D-8F72-36D7E96EB5F7}.Debug|x86.ActiveCfg = Debug|Any CPU
		{D3DDC88F-ED11-4D1D-8F72-36D7E96EB5F7}.Debug|x86.Build.0 = Debug|Any CPU
		{D3DDC88F-ED11-4D1D-8F72-36D7E96EB5F7}.Release|Any CPU.ActiveCfg = Release|Any CPU
		{D3DDC88F-ED11-4D1D-8F72-36D7E96EB5F7}.Release|Any CPU.Build.0 = Release|Any CPU
		{D3DDC88F-ED11-4D1D-8F72-36D7E96EB5F7}.Release|x64.ActiveCfg = Release|Any CPU
		{D3DDC88F-ED11-4D1D-8F72-36D7E96EB5F7}.Release|x64.Build.0 = Release|Any CPU
		{D3DDC88F-ED11-4D1D-8F72-36D7E96EB5F7}.Release|x86.ActiveCfg = Release|Any CPU
		{D3DDC88F-ED11-4D1D-8F72-36D7E96EB5F7}.Release|x86.Build.0 = Release|Any CPU
	EndGlobalSection
	GlobalSection(SolutionProperties) = preSolution
		HideSolutionNode = FALSE
	EndGlobalSection
	GlobalSection(NestedProjects) = preSolution
		{3D17E2DE-01DE-49CF-8E15-DCF836EBFCA1} = {B9ABEDC0-D2D9-4892-BEB6-7C2B26F8DC25}
		{AC38ED44-CC94-45D9-8909-A889CC6E7131} = {E0C3EC12-893D-4F20-B609-F38FA0F896B6}
		{22D97351-784C-48D6-9CC7-206397293865} = {E0C3EC12-893D-4F20-B609-F38FA0F896B6}
		{D3DDC88F-ED11-4D1D-8F72-36D7E96EB5F7} = {E0C3EC12-893D-4F20-B609-F38FA0F896B6}
	EndGlobalSection
	GlobalSection(ExtensibilityGlobals) = postSolution
		SolutionGuid = {7AA55871-B8BC-47CB-AE1C-75AB843FED9A}
	EndGlobalSection
EndGlobal
