
Microsoft Visual Studio Solution File, Format Version 12.00
# Visual Studio Version 17
VisualStudioVersion = 17.0.31903.59
MinimumVisualStudioVersion = 10.0.40219.1
Project("{F2A71F9B-5D33-465A-A702-920D77279786}") = "xelmish-first", "xelmish-first\xelmish-first.fsproj", "{B1675827-D268-4B7A-B011-59D358AB68C1}"
EndProject
Project("{F2A71F9B-5D33-465A-A702-920D77279786}") = "tetris-clone", "tetris-clone\tetris-clone.fsproj", "{370281A2-4296-4A24-9F72-D19ABDAA0F2E}"
EndProject
Project("{F2A71F9B-5D33-465A-A702-920D77279786}") = "sub-model", "sub-model\sub-model.fsproj", "{AAB4A335-B6BD-4473-8D31-C85C84493BF0}"
EndProject
Project("{F2A71F9B-5D33-465A-A702-920D77279786}") = "space-invaders-clone", "space-invaders-clone\space-invaders-clone.fsproj", "{B83A7E20-6ECC-48B0-9D7E-30B4590F2957}"
EndProject
Project("{F2A71F9B-5D33-465A-A702-920D77279786}") = "single-counter", "single-counter\single-counter.fsproj", "{B9A0C23D-45EF-4EFE-AE91-05CFC3DBBC06}"
EndProject
Global
	GlobalSection(SolutionConfigurationPlatforms) = preSolution
		Debug|Any CPU = Debug|Any CPU
		Debug|x64 = Debug|x64
		Debug|x86 = Debug|x86
		Release|Any CPU = Release|Any CPU
		Release|x64 = Release|x64
		Release|x86 = Release|x86
	EndGlobalSection
	GlobalSection(ProjectConfigurationPlatforms) = postSolution
		{B1675827-D268-4B7A-B011-59D358AB68C1}.Debug|Any CPU.ActiveCfg = Debug|Any CPU
		{B1675827-D268-4B7A-B011-59D358AB68C1}.Debug|Any CPU.Build.0 = Debug|Any CPU
		{B1675827-D268-4B7A-B011-59D358AB68C1}.Debug|x64.ActiveCfg = Debug|Any CPU
		{B1675827-D268-4B7A-B011-59D358AB68C1}.Debug|x64.Build.0 = Debug|Any CPU
		{B1675827-D268-4B7A-B011-59D358AB68C1}.Debug|x86.ActiveCfg = Debug|Any CPU
		{B1675827-D268-4B7A-B011-59D358AB68C1}.Debug|x86.Build.0 = Debug|Any CPU
		{B1675827-D268-4B7A-B011-59D358AB68C1}.Release|Any CPU.ActiveCfg = Release|Any CPU
		{B1675827-D268-4B7A-B011-59D358AB68C1}.Release|Any CPU.Build.0 = Release|Any CPU
		{B1675827-D268-4B7A-B011-59D358AB68C1}.Release|x64.ActiveCfg = Release|Any CPU
		{B1675827-D268-4B7A-B011-59D358AB68C1}.Release|x64.Build.0 = Release|Any CPU
		{B1675827-D268-4B7A-B011-59D358AB68C1}.Release|x86.ActiveCfg = Release|Any CPU
		{B1675827-D268-4B7A-B011-59D358AB68C1}.Release|x86.Build.0 = Release|Any CPU
		{370281A2-4296-4A24-9F72-D19ABDAA0F2E}.Debug|Any CPU.ActiveCfg = Debug|Any CPU
		{370281A2-4296-4A24-9F72-D19ABDAA0F2E}.Debug|Any CPU.Build.0 = Debug|Any CPU
		{370281A2-4296-4A24-9F72-D19ABDAA0F2E}.Debug|x64.ActiveCfg = Debug|Any CPU
		{370281A2-4296-4A24-9F72-D19ABDAA0F2E}.Debug|x64.Build.0 = Debug|Any CPU
		{370281A2-4296-4A24-9F72-D19ABDAA0F2E}.Debug|x86.ActiveCfg = Debug|Any CPU
		{370281A2-4296-4A24-9F72-D19ABDAA0F2E}.Debug|x86.Build.0 = Debug|Any CPU
		{370281A2-4296-4A24-9F72-D19ABDAA0F2E}.Release|Any CPU.ActiveCfg = Release|Any CPU
		{370281A2-4296-4A24-9F72-D19ABDAA0F2E}.Release|Any CPU.Build.0 = Release|Any CPU
		{370281A2-4296-4A24-9F72-D19ABDAA0F2E}.Release|x64.ActiveCfg = Release|Any CPU
		{370281A2-4296-4A24-9F72-D19ABDAA0F2E}.Release|x64.Build.0 = Release|Any CPU
		{370281A2-4296-4A24-9F72-D19ABDAA0F2E}.Release|x86.ActiveCfg = Release|Any CPU
		{370281A2-4296-4A24-9F72-D19ABDAA0F2E}.Release|x86.Build.0 = Release|Any CPU
		{AAB4A335-B6BD-4473-8D31-C85C84493BF0}.Debug|Any CPU.ActiveCfg = Debug|Any CPU
		{AAB4A335-B6BD-4473-8D31-C85C84493BF0}.Debug|Any CPU.Build.0 = Debug|Any CPU
		{AAB4A335-B6BD-4473-8D31-C85C84493BF0}.Debug|x64.ActiveCfg = Debug|Any CPU
		{AAB4A335-B6BD-4473-8D31-C85C84493BF0}.Debug|x64.Build.0 = Debug|Any CPU
		{AAB4A335-B6BD-4473-8D31-C85C84493BF0}.Debug|x86.ActiveCfg = Debug|Any CPU
		{AAB4A335-B6BD-4473-8D31-C85C84493BF0}.Debug|x86.Build.0 = Debug|Any CPU
		{AAB4A335-B6BD-4473-8D31-C85C84493BF0}.Release|Any CPU.ActiveCfg = Release|Any CPU
		{AAB4A335-B6BD-4473-8D31-C85C84493BF0}.Release|Any CPU.Build.0 = Release|Any CPU
		{AAB4A335-B6BD-4473-8D31-C85C84493BF0}.Release|x64.ActiveCfg = Release|Any CPU
		{AAB4A335-B6BD-4473-8D31-C85C84493BF0}.Release|x64.Build.0 = Release|Any CPU
		{AAB4A335-B6BD-4473-8D31-C85C84493BF0}.Release|x86.ActiveCfg = Release|Any CPU
		{AAB4A335-B6BD-4473-8D31-C85C84493BF0}.Release|x86.Build.0 = Release|Any CPU
		{B83A7E20-6ECC-48B0-9D7E-30B4590F2957}.Debug|Any CPU.ActiveCfg = Debug|Any CPU
		{B83A7E20-6ECC-48B0-9D7E-30B4590F2957}.Debug|Any CPU.Build.0 = Debug|Any CPU
		{B83A7E20-6ECC-48B0-9D7E-30B4590F2957}.Debug|x64.ActiveCfg = Debug|Any CPU
		{B83A7E20-6ECC-48B0-9D7E-30B4590F2957}.Debug|x64.Build.0 = Debug|Any CPU
		{B83A7E20-6ECC-48B0-9D7E-30B4590F2957}.Debug|x86.ActiveCfg = Debug|Any CPU
		{B83A7E20-6ECC-48B0-9D7E-30B4590F2957}.Debug|x86.Build.0 = Debug|Any CPU
		{B83A7E20-6ECC-48B0-9D7E-30B4590F2957}.Release|Any CPU.ActiveCfg = Release|Any CPU
		{B83A7E20-6ECC-48B0-9D7E-30B4590F2957}.Release|Any CPU.Build.0 = Release|Any CPU
		{B83A7E20-6ECC-48B0-9D7E-30B4590F2957}.Release|x64.ActiveCfg = Release|Any CPU
		{B83A7E20-6ECC-48B0-9D7E-30B4590F2957}.Release|x64.Build.0 = Release|Any CPU
		{B83A7E20-6ECC-48B0-9D7E-30B4590F2957}.Release|x86.ActiveCfg = Release|Any CPU
		{B83A7E20-6ECC-48B0-9D7E-30B4590F2957}.Release|x86.Build.0 = Release|Any CPU
		{B9A0C23D-45EF-4EFE-AE91-05CFC3DBBC06}.Debug|Any CPU.ActiveCfg = Debug|Any CPU
		{B9A0C23D-45EF-4EFE-AE91-05CFC3DBBC06}.Debug|Any CPU.Build.0 = Debug|Any CPU
		{B9A0C23D-45EF-4EFE-AE91-05CFC3DBBC06}.Debug|x64.ActiveCfg = Debug|Any CPU
		{B9A0C23D-45EF-4EFE-AE91-05CFC3DBBC06}.Debug|x64.Build.0 = Debug|Any CPU
		{B9A0C23D-45EF-4EFE-AE91-05CFC3DBBC06}.Debug|x86.ActiveCfg = Debug|Any CPU
		{B9A0C23D-45EF-4EFE-AE91-05CFC3DBBC06}.Debug|x86.Build.0 = Debug|Any CPU
		{B9A0C23D-45EF-4EFE-AE91-05CFC3DBBC06}.Release|Any CPU.ActiveCfg = Release|Any CPU
		{B9A0C23D-45EF-4EFE-AE91-05CFC3DBBC06}.Release|Any CPU.Build.0 = Release|Any CPU
		{B9A0C23D-45EF-4EFE-AE91-05CFC3DBBC06}.Release|x64.ActiveCfg = Release|Any CPU
		{B9A0C23D-45EF-4EFE-AE91-05CFC3DBBC06}.Release|x64.Build.0 = Release|Any CPU
		{B9A0C23D-45EF-4EFE-AE91-05CFC3DBBC06}.Release|x86.ActiveCfg = Release|Any CPU
		{B9A0C23D-45EF-4EFE-AE91-05CFC3DBBC06}.Release|x86.Build.0 = Release|Any CPU
	EndGlobalSection
	GlobalSection(SolutionProperties) = preSolution
		HideSolutionNode = FALSE
	EndGlobalSection
EndGlobal
